// !$*UTF8*$!
{
	archiveVersion = 1;
	classes = {
	};
	objectVersion = 51;
	objects = {

/* Begin PBXBuildFile section */
		2518696B2619F69D00FB67B2 /* Configs.swift in Sources */ = {isa = PBXBuildFile; fileRef = 2518696A2619F69D00FB67B2 /* Configs.swift */; };
		251D08B325DE67E600006741 /* get_features.cpp in Sources */ = {isa = PBXBuildFile; fileRef = 251D086125DE67E600006741 /* get_features.cpp */; };
		251D08B425DE67E600006741 /* extract_features_from_raw_data_initialize.cpp in Sources */ = {isa = PBXBuildFile; fileRef = 251D086325DE67E600006741 /* extract_features_from_raw_data_initialize.cpp */; };
		251D08B525DE67E600006741 /* extract_features_from_raw_data_rtwutil.cpp in Sources */ = {isa = PBXBuildFile; fileRef = 251D086625DE67E600006741 /* extract_features_from_raw_data_rtwutil.cpp */; };
		251D08B625DE67E600006741 /* extract_features_from_raw_data.cpp in Sources */ = {isa = PBXBuildFile; fileRef = 251D086725DE67E600006741 /* extract_features_from_raw_data.cpp */; };
		251D08B725DE67E600006741 /* extract_features_from_raw_data_terminate.cpp in Sources */ = {isa = PBXBuildFile; fileRef = 251D086D25DE67E600006741 /* extract_features_from_raw_data_terminate.cpp */; };
		251D08B825DE67E600006741 /* extract_features_from_raw_data_data.cpp in Sources */ = {isa = PBXBuildFile; fileRef = 251D086E25DE67E600006741 /* extract_features_from_raw_data_data.cpp */; };
		251D08B925DE67E600006741 /* get_frequencies_spectrum.cpp in Sources */ = {isa = PBXBuildFile; fileRef = 251D086F25DE67E600006741 /* get_frequencies_spectrum.cpp */; };
		251D08BE25DE67E600006741 /* rtGetNaN.cpp in Sources */ = {isa = PBXBuildFile; fileRef = 251D087B25DE67E600006741 /* rtGetNaN.cpp */; };
		251D08BF25DE67E600006741 /* sortIdx.cpp in Sources */ = {isa = PBXBuildFile; fileRef = 251D087C25DE67E600006741 /* sortIdx.cpp */; };
		251D08C025DE67E600006741 /* Linear.cpp in Sources */ = {isa = PBXBuildFile; fileRef = 251D087E25DE67E600006741 /* Linear.cpp */; };
		251D08C125DE67E600006741 /* nan_sum_or_mean.cpp in Sources */ = {isa = PBXBuildFile; fileRef = 251D087F25DE67E600006741 /* nan_sum_or_mean.cpp */; };
		251D08C225DE67E600006741 /* computepsd.cpp in Sources */ = {isa = PBXBuildFile; fileRef = 251D088025DE67E600006741 /* computepsd.cpp */; };
		251D08C325DE67E600006741 /* iqr.cpp in Sources */ = {isa = PBXBuildFile; fileRef = 251D088125DE67E600006741 /* iqr.cpp */; };
		251D08C425DE67E600006741 /* FFTImplementationCallback.cpp in Sources */ = {isa = PBXBuildFile; fileRef = 251D088625DE67E600006741 /* FFTImplementationCallback.cpp */; };
		251D08C525DE67E600006741 /* psdfreqvec.cpp in Sources */ = {isa = PBXBuildFile; fileRef = 251D088725DE67E600006741 /* psdfreqvec.cpp */; };
		251D08C625DE67E600006741 /* rtGetInf.cpp in Sources */ = {isa = PBXBuildFile; fileRef = 251D088C25DE67E600006741 /* rtGetInf.cpp */; };
		251D08C725DE67E600006741 /* sort.cpp in Sources */ = {isa = PBXBuildFile; fileRef = 251D089025DE67E600006741 /* sort.cpp */; };
		251D08C825DE67E600006741 /* quickselect.cpp in Sources */ = {isa = PBXBuildFile; fileRef = 251D089325DE67E600006741 /* quickselect.cpp */; };
		251D08C925DE67E600006741 /* ecdf.cpp in Sources */ = {isa = PBXBuildFile; fileRef = 251D089425DE67E600006741 /* ecdf.cpp */; };
		251D08CA25DE67E600006741 /* median.cpp in Sources */ = {isa = PBXBuildFile; fileRef = 251D089525DE67E600006741 /* median.cpp */; };
		251D08CB25DE67E600006741 /* welchparse.cpp in Sources */ = {isa = PBXBuildFile; fileRef = 251D089625DE67E600006741 /* welchparse.cpp */; };
		251D08CC25DE67E600006741 /* rt_nonfinite.cpp in Sources */ = {isa = PBXBuildFile; fileRef = 251D089725DE67E600006741 /* rt_nonfinite.cpp */; };
		251D08CD25DE67E600006741 /* minOrMax.cpp in Sources */ = {isa = PBXBuildFile; fileRef = 251D089D25DE67E600006741 /* minOrMax.cpp */; };
		251D08CE25DE67E600006741 /* trapz.cpp in Sources */ = {isa = PBXBuildFile; fileRef = 251D08A025DE67E600006741 /* trapz.cpp */; };
		251D08CF25DE67E600006741 /* nullAssignment.cpp in Sources */ = {isa = PBXBuildFile; fileRef = 251D08A125DE67E600006741 /* nullAssignment.cpp */; };
		251D08D025DE67E600006741 /* CompactClassificationSVM.cpp in Sources */ = {isa = PBXBuildFile; fileRef = 251D08A225DE67E600006741 /* CompactClassificationSVM.cpp */; };
		251D08D125DE67E600006741 /* std.cpp in Sources */ = {isa = PBXBuildFile; fileRef = 251D08A425DE67E600006741 /* std.cpp */; };
		251D08D225DE67E600006741 /* nanmean.cpp in Sources */ = {isa = PBXBuildFile; fileRef = 251D08A525DE67E600006741 /* nanmean.cpp */; };
		251D08D325DE67E600006741 /* diff.cpp in Sources */ = {isa = PBXBuildFile; fileRef = 251D08A725DE67E600006741 /* diff.cpp */; };
		251D08DB25DE682300006741 /* HTDClassificationResult.m in Sources */ = {isa = PBXBuildFile; fileRef = 251D08DA25DE682300006741 /* HTDClassificationResult.m */; };
		25316340260F796A00D4ED00 /* 16kHz_sound.mp3 in Resources */ = {isa = PBXBuildFile; fileRef = 2531633F260F796A00D4ED00 /* 16kHz_sound.mp3 */; };
		2531634426107C7E00D4ED00 /* HTDSquareDetection.mm in Sources */ = {isa = PBXBuildFile; fileRef = 2531634326107C7E00D4ED00 /* HTDSquareDetection.mm */; };
		2531634826108B9B00D4ED00 /* opencv2.framework in Frameworks */ = {isa = PBXBuildFile; fileRef = 2531634726108B9B00D4ED00 /* opencv2.framework */; };
		2571A27C256E61CE006A2F29 /* AppDelegate.swift in Sources */ = {isa = PBXBuildFile; fileRef = 2571A27B256E61CE006A2F29 /* AppDelegate.swift */; };
		2571A283256E61CE006A2F29 /* Main.storyboard in Resources */ = {isa = PBXBuildFile; fileRef = 2571A281256E61CE006A2F29 /* Main.storyboard */; };
		2571A285256E61D3006A2F29 /* Assets.xcassets in Resources */ = {isa = PBXBuildFile; fileRef = 2571A284256E61D3006A2F29 /* Assets.xcassets */; };
		2571A288256E61D3006A2F29 /* LaunchScreen.storyboard in Resources */ = {isa = PBXBuildFile; fileRef = 2571A286256E61D3006A2F29 /* LaunchScreen.storyboard */; };
		2581878A256E652E00B18951 /* SettingsViewController.swift in Sources */ = {isa = PBXBuildFile; fileRef = 25818789256E652E00B18951 /* SettingsViewController.swift */; };
		2581878E256E654100B18951 /* MeasurementViewController.swift in Sources */ = {isa = PBXBuildFile; fileRef = 2581878D256E654100B18951 /* MeasurementViewController.swift */; };
		258187A8256E68F500B18951 /* HTDTremorDetectionSDK.mm in Sources */ = {isa = PBXBuildFile; fileRef = 258187A7256E68F500B18951 /* HTDTremorDetectionSDK.mm */; };
		258187AB256E69F400B18951 /* MeasurementService.swift in Sources */ = {isa = PBXBuildFile; fileRef = 258187AA256E69F400B18951 /* MeasurementService.swift */; };
		258187B0256E6C5500B18951 /* StoryboardService.swift in Sources */ = {isa = PBXBuildFile; fileRef = 258187AF256E6C5500B18951 /* StoryboardService.swift */; };
		2589F3D5257B6EE100E93649 /* Constants.swift in Sources */ = {isa = PBXBuildFile; fileRef = 2589F3D4257B6EE100E93649 /* Constants.swift */; };
		2589F3DF257B73FF00E93649 /* UIViewControllerExtensions.swift in Sources */ = {isa = PBXBuildFile; fileRef = 2589F3DA257B73FF00E93649 /* UIViewControllerExtensions.swift */; };
		2589F3E0257B73FF00E93649 /* DoubleExtensions.swift in Sources */ = {isa = PBXBuildFile; fileRef = 2589F3DB257B73FF00E93649 /* DoubleExtensions.swift */; };
		2589F3E1257B73FF00E93649 /* DateExtensions.swift in Sources */ = {isa = PBXBuildFile; fileRef = 2589F3DC257B73FF00E93649 /* DateExtensions.swift */; };
		2589F3E2257B73FF00E93649 /* UIDevice.swift in Sources */ = {isa = PBXBuildFile; fileRef = 2589F3DD257B73FF00E93649 /* UIDevice.swift */; };
		2589F3E6257B7D6100E93649 /* CompletedViewController.swift in Sources */ = {isa = PBXBuildFile; fileRef = 2589F3E5257B7D6100E93649 /* CompletedViewController.swift */; };
		2589F3EA257B845300E93649 /* HTDOffsetGraph.m in Sources */ = {isa = PBXBuildFile; fileRef = 2589F3E9257B845300E93649 /* HTDOffsetGraph.m */; };
		25A9A842262346C50009A483 /* HTDCameraData.m in Sources */ = {isa = PBXBuildFile; fileRef = 25A9A841262346C50009A483 /* HTDCameraData.m */; };
		25E9242D25E276F3004B1838 /* classify_accelerometer_initialize.cpp in Sources */ = {isa = PBXBuildFile; fileRef = 25E9242625E276F2004B1838 /* classify_accelerometer_initialize.cpp */; };
		25E9242E25E276F3004B1838 /* classify_accelerometer_terminate.cpp in Sources */ = {isa = PBXBuildFile; fileRef = 25E9242A25E276F2004B1838 /* classify_accelerometer_terminate.cpp */; };
		25E9242F25E276F3004B1838 /* classify_accelerometer_data.cpp in Sources */ = {isa = PBXBuildFile; fileRef = 25E9242B25E276F2004B1838 /* classify_accelerometer_data.cpp */; };
		25E9243025E276F3004B1838 /* classify_accelerometer.cpp in Sources */ = {isa = PBXBuildFile; fileRef = 25E9242C25E276F2004B1838 /* classify_accelerometer.cpp */; };
		25E9243425E29021004B1838 /* 440hz_sound.mp3 in Resources */ = {isa = PBXBuildFile; fileRef = 25E9243325E29021004B1838 /* 440hz_sound.mp3 */; };
		25E9243825E29079004B1838 /* HTDAudioPlayer.m in Sources */ = {isa = PBXBuildFile; fileRef = 25E9243725E29079004B1838 /* HTDAudioPlayer.m */; };
		25F4376825E982B500269820 /* HTDCamera.m in Sources */ = {isa = PBXBuildFile; fileRef = 25F4376725E982B500269820 /* HTDCamera.m */; };
		25F4376C25E9856500269820 /* HTDVideoRecording.m in Sources */ = {isa = PBXBuildFile; fileRef = 25F4376B25E9856500269820 /* HTDVideoRecording.m */; };
		25F94075258678170016079E /* GoogleService-Info.plist in Resources */ = {isa = PBXBuildFile; fileRef = 25F94074258678170016079E /* GoogleService-Info.plist */; };
		25F940782586785C0016079E /* FirebaseService.swift in Sources */ = {isa = PBXBuildFile; fileRef = 25F940772586785C0016079E /* FirebaseService.swift */; };
/* End PBXBuildFile section */

/* Begin PBXFileReference section */
		2518696A2619F69D00FB67B2 /* Configs.swift */ = {isa = PBXFileReference; lastKnownFileType = sourcecode.swift; path = Configs.swift; sourceTree = "<group>"; };
		251D086125DE67E600006741 /* get_features.cpp */ = {isa = PBXFileReference; fileEncoding = 4; lastKnownFileType = sourcecode.cpp.cpp; path = get_features.cpp; sourceTree = "<group>"; };
		251D086225DE67E600006741 /* extract_features_from_raw_data_data.h */ = {isa = PBXFileReference; fileEncoding = 4; lastKnownFileType = sourcecode.c.h; path = extract_features_from_raw_data_data.h; sourceTree = "<group>"; };
		251D086325DE67E600006741 /* extract_features_from_raw_data_initialize.cpp */ = {isa = PBXFileReference; fileEncoding = 4; lastKnownFileType = sourcecode.cpp.cpp; path = extract_features_from_raw_data_initialize.cpp; sourceTree = "<group>"; };
		251D086425DE67E600006741 /* extract_features_from_raw_data_types.h */ = {isa = PBXFileReference; fileEncoding = 4; lastKnownFileType = sourcecode.c.h; path = extract_features_from_raw_data_types.h; sourceTree = "<group>"; };
		251D086525DE67E600006741 /* extract_features_from_raw_data_internal_types.h */ = {isa = PBXFileReference; fileEncoding = 4; lastKnownFileType = sourcecode.c.h; path = extract_features_from_raw_data_internal_types.h; sourceTree = "<group>"; };
		251D086625DE67E600006741 /* extract_features_from_raw_data_rtwutil.cpp */ = {isa = PBXFileReference; fileEncoding = 4; lastKnownFileType = sourcecode.cpp.cpp; path = extract_features_from_raw_data_rtwutil.cpp; sourceTree = "<group>"; };
		251D086725DE67E600006741 /* extract_features_from_raw_data.cpp */ = {isa = PBXFileReference; fileEncoding = 4; lastKnownFileType = sourcecode.cpp.cpp; path = extract_features_from_raw_data.cpp; sourceTree = "<group>"; };
		251D086825DE67E600006741 /* extract_features_from_raw_data_initialize.h */ = {isa = PBXFileReference; fileEncoding = 4; lastKnownFileType = sourcecode.c.h; path = extract_features_from_raw_data_initialize.h; sourceTree = "<group>"; };
		251D086925DE67E600006741 /* get_features.h */ = {isa = PBXFileReference; fileEncoding = 4; lastKnownFileType = sourcecode.c.h; path = get_features.h; sourceTree = "<group>"; };
		251D086A25DE67E600006741 /* extract_features_from_raw_data.h */ = {isa = PBXFileReference; fileEncoding = 4; lastKnownFileType = sourcecode.c.h; path = extract_features_from_raw_data.h; sourceTree = "<group>"; };
		251D086B25DE67E600006741 /* extract_features_from_raw_data_rtwutil.h */ = {isa = PBXFileReference; fileEncoding = 4; lastKnownFileType = sourcecode.c.h; path = extract_features_from_raw_data_rtwutil.h; sourceTree = "<group>"; };
		251D086C25DE67E600006741 /* get_frequencies_spectrum.h */ = {isa = PBXFileReference; fileEncoding = 4; lastKnownFileType = sourcecode.c.h; path = get_frequencies_spectrum.h; sourceTree = "<group>"; };
		251D086D25DE67E600006741 /* extract_features_from_raw_data_terminate.cpp */ = {isa = PBXFileReference; fileEncoding = 4; lastKnownFileType = sourcecode.cpp.cpp; path = extract_features_from_raw_data_terminate.cpp; sourceTree = "<group>"; };
		251D086E25DE67E600006741 /* extract_features_from_raw_data_data.cpp */ = {isa = PBXFileReference; fileEncoding = 4; lastKnownFileType = sourcecode.cpp.cpp; path = extract_features_from_raw_data_data.cpp; sourceTree = "<group>"; };
		251D086F25DE67E600006741 /* get_frequencies_spectrum.cpp */ = {isa = PBXFileReference; fileEncoding = 4; lastKnownFileType = sourcecode.cpp.cpp; path = get_frequencies_spectrum.cpp; sourceTree = "<group>"; };
		251D087025DE67E600006741 /* extract_features_from_raw_data_terminate.h */ = {isa = PBXFileReference; fileEncoding = 4; lastKnownFileType = sourcecode.c.h; path = extract_features_from_raw_data_terminate.h; sourceTree = "<group>"; };
		251D087B25DE67E600006741 /* rtGetNaN.cpp */ = {isa = PBXFileReference; fileEncoding = 4; lastKnownFileType = sourcecode.cpp.cpp; path = rtGetNaN.cpp; sourceTree = "<group>"; };
		251D087C25DE67E600006741 /* sortIdx.cpp */ = {isa = PBXFileReference; fileEncoding = 4; lastKnownFileType = sourcecode.cpp.cpp; path = sortIdx.cpp; sourceTree = "<group>"; };
		251D087D25DE67E600006741 /* welchparse.h */ = {isa = PBXFileReference; fileEncoding = 4; lastKnownFileType = sourcecode.c.h; path = welchparse.h; sourceTree = "<group>"; };
		251D087E25DE67E600006741 /* Linear.cpp */ = {isa = PBXFileReference; fileEncoding = 4; lastKnownFileType = sourcecode.cpp.cpp; path = Linear.cpp; sourceTree = "<group>"; };
		251D087F25DE67E600006741 /* nan_sum_or_mean.cpp */ = {isa = PBXFileReference; fileEncoding = 4; lastKnownFileType = sourcecode.cpp.cpp; path = nan_sum_or_mean.cpp; sourceTree = "<group>"; };
		251D088025DE67E600006741 /* computepsd.cpp */ = {isa = PBXFileReference; fileEncoding = 4; lastKnownFileType = sourcecode.cpp.cpp; path = computepsd.cpp; sourceTree = "<group>"; };
		251D088125DE67E600006741 /* iqr.cpp */ = {isa = PBXFileReference; fileEncoding = 4; lastKnownFileType = sourcecode.cpp.cpp; path = iqr.cpp; sourceTree = "<group>"; };
		251D088225DE67E600006741 /* minOrMax.h */ = {isa = PBXFileReference; fileEncoding = 4; lastKnownFileType = sourcecode.c.h; path = minOrMax.h; sourceTree = "<group>"; };
		251D088325DE67E600006741 /* iqr.h */ = {isa = PBXFileReference; fileEncoding = 4; lastKnownFileType = sourcecode.c.h; path = iqr.h; sourceTree = "<group>"; };
		251D088425DE67E600006741 /* FFTImplementationCallback.h */ = {isa = PBXFileReference; fileEncoding = 4; lastKnownFileType = sourcecode.c.h; path = FFTImplementationCallback.h; sourceTree = "<group>"; };
		251D088525DE67E600006741 /* nanmean.h */ = {isa = PBXFileReference; fileEncoding = 4; lastKnownFileType = sourcecode.c.h; path = nanmean.h; sourceTree = "<group>"; };
		251D088625DE67E600006741 /* FFTImplementationCallback.cpp */ = {isa = PBXFileReference; fileEncoding = 4; lastKnownFileType = sourcecode.cpp.cpp; path = FFTImplementationCallback.cpp; sourceTree = "<group>"; };
		251D088725DE67E600006741 /* psdfreqvec.cpp */ = {isa = PBXFileReference; fileEncoding = 4; lastKnownFileType = sourcecode.cpp.cpp; path = psdfreqvec.cpp; sourceTree = "<group>"; };
		251D088825DE67E600006741 /* computepsd.h */ = {isa = PBXFileReference; fileEncoding = 4; lastKnownFileType = sourcecode.c.h; path = computepsd.h; sourceTree = "<group>"; };
		251D088A25DE67E600006741 /* Linear.h */ = {isa = PBXFileReference; fileEncoding = 4; lastKnownFileType = sourcecode.c.h; path = Linear.h; sourceTree = "<group>"; };
		251D088B25DE67E600006741 /* coder_array.h */ = {isa = PBXFileReference; fileEncoding = 4; lastKnownFileType = sourcecode.c.h; path = coder_array.h; sourceTree = "<group>"; };
		251D088C25DE67E600006741 /* rtGetInf.cpp */ = {isa = PBXFileReference; fileEncoding = 4; lastKnownFileType = sourcecode.cpp.cpp; path = rtGetInf.cpp; sourceTree = "<group>"; };
		251D088D25DE67E600006741 /* rtGetNaN.h */ = {isa = PBXFileReference; fileEncoding = 4; lastKnownFileType = sourcecode.c.h; path = rtGetNaN.h; sourceTree = "<group>"; };
		251D088E25DE67E600006741 /* nan_sum_or_mean.h */ = {isa = PBXFileReference; fileEncoding = 4; lastKnownFileType = sourcecode.c.h; path = nan_sum_or_mean.h; sourceTree = "<group>"; };
		251D088F25DE67E600006741 /* psdfreqvec.h */ = {isa = PBXFileReference; fileEncoding = 4; lastKnownFileType = sourcecode.c.h; path = psdfreqvec.h; sourceTree = "<group>"; };
		251D089025DE67E600006741 /* sort.cpp */ = {isa = PBXFileReference; fileEncoding = 4; lastKnownFileType = sourcecode.cpp.cpp; path = sort.cpp; sourceTree = "<group>"; };
		251D089125DE67E600006741 /* quickselect.h */ = {isa = PBXFileReference; fileEncoding = 4; lastKnownFileType = sourcecode.c.h; path = quickselect.h; sourceTree = "<group>"; };
		251D089225DE67E600006741 /* rt_nonfinite.h */ = {isa = PBXFileReference; fileEncoding = 4; lastKnownFileType = sourcecode.c.h; path = rt_nonfinite.h; sourceTree = "<group>"; };
		251D089325DE67E600006741 /* quickselect.cpp */ = {isa = PBXFileReference; fileEncoding = 4; lastKnownFileType = sourcecode.cpp.cpp; path = quickselect.cpp; sourceTree = "<group>"; };
		251D089425DE67E600006741 /* ecdf.cpp */ = {isa = PBXFileReference; fileEncoding = 4; lastKnownFileType = sourcecode.cpp.cpp; path = ecdf.cpp; sourceTree = "<group>"; };
		251D089525DE67E600006741 /* median.cpp */ = {isa = PBXFileReference; fileEncoding = 4; lastKnownFileType = sourcecode.cpp.cpp; path = median.cpp; sourceTree = "<group>"; };
		251D089625DE67E600006741 /* welchparse.cpp */ = {isa = PBXFileReference; fileEncoding = 4; lastKnownFileType = sourcecode.cpp.cpp; path = welchparse.cpp; sourceTree = "<group>"; };
		251D089725DE67E600006741 /* rt_nonfinite.cpp */ = {isa = PBXFileReference; fileEncoding = 4; lastKnownFileType = sourcecode.cpp.cpp; path = rt_nonfinite.cpp; sourceTree = "<group>"; };
		251D089825DE67E600006741 /* diff.h */ = {isa = PBXFileReference; fileEncoding = 4; lastKnownFileType = sourcecode.c.h; path = diff.h; sourceTree = "<group>"; };
		251D089925DE67E600006741 /* trapz.h */ = {isa = PBXFileReference; fileEncoding = 4; lastKnownFileType = sourcecode.c.h; path = trapz.h; sourceTree = "<group>"; };
		251D089A25DE67E600006741 /* rtGetInf.h */ = {isa = PBXFileReference; fileEncoding = 4; lastKnownFileType = sourcecode.c.h; path = rtGetInf.h; sourceTree = "<group>"; };
		251D089B25DE67E600006741 /* median.h */ = {isa = PBXFileReference; fileEncoding = 4; lastKnownFileType = sourcecode.c.h; path = median.h; sourceTree = "<group>"; };
		251D089C25DE67E600006741 /* sortIdx.h */ = {isa = PBXFileReference; fileEncoding = 4; lastKnownFileType = sourcecode.c.h; path = sortIdx.h; sourceTree = "<group>"; };
		251D089D25DE67E600006741 /* minOrMax.cpp */ = {isa = PBXFileReference; fileEncoding = 4; lastKnownFileType = sourcecode.cpp.cpp; path = minOrMax.cpp; sourceTree = "<group>"; };
		251D089E25DE67E600006741 /* ecdf.h */ = {isa = PBXFileReference; fileEncoding = 4; lastKnownFileType = sourcecode.c.h; path = ecdf.h; sourceTree = "<group>"; };
		251D089F25DE67E600006741 /* nullAssignment.h */ = {isa = PBXFileReference; fileEncoding = 4; lastKnownFileType = sourcecode.c.h; path = nullAssignment.h; sourceTree = "<group>"; };
		251D08A025DE67E600006741 /* trapz.cpp */ = {isa = PBXFileReference; fileEncoding = 4; lastKnownFileType = sourcecode.cpp.cpp; path = trapz.cpp; sourceTree = "<group>"; };
		251D08A125DE67E600006741 /* nullAssignment.cpp */ = {isa = PBXFileReference; fileEncoding = 4; lastKnownFileType = sourcecode.cpp.cpp; path = nullAssignment.cpp; sourceTree = "<group>"; };
		251D08A225DE67E600006741 /* CompactClassificationSVM.cpp */ = {isa = PBXFileReference; fileEncoding = 4; lastKnownFileType = sourcecode.cpp.cpp; path = CompactClassificationSVM.cpp; sourceTree = "<group>"; };
		251D08A325DE67E600006741 /* sort.h */ = {isa = PBXFileReference; fileEncoding = 4; lastKnownFileType = sourcecode.c.h; path = sort.h; sourceTree = "<group>"; };
		251D08A425DE67E600006741 /* std.cpp */ = {isa = PBXFileReference; fileEncoding = 4; lastKnownFileType = sourcecode.cpp.cpp; path = std.cpp; sourceTree = "<group>"; };
		251D08A525DE67E600006741 /* nanmean.cpp */ = {isa = PBXFileReference; fileEncoding = 4; lastKnownFileType = sourcecode.cpp.cpp; path = nanmean.cpp; sourceTree = "<group>"; };
		251D08A625DE67E600006741 /* rtwtypes.h */ = {isa = PBXFileReference; fileEncoding = 4; lastKnownFileType = sourcecode.c.h; path = rtwtypes.h; sourceTree = "<group>"; };
		251D08A725DE67E600006741 /* diff.cpp */ = {isa = PBXFileReference; fileEncoding = 4; lastKnownFileType = sourcecode.cpp.cpp; path = diff.cpp; sourceTree = "<group>"; };
		251D08A825DE67E600006741 /* std.h */ = {isa = PBXFileReference; fileEncoding = 4; lastKnownFileType = sourcecode.c.h; path = std.h; sourceTree = "<group>"; };
		251D08A925DE67E600006741 /* CompactClassificationSVM.h */ = {isa = PBXFileReference; fileEncoding = 4; lastKnownFileType = sourcecode.c.h; path = CompactClassificationSVM.h; sourceTree = "<group>"; };
		251D08D925DE682300006741 /* HTDClassificationResult.h */ = {isa = PBXFileReference; lastKnownFileType = sourcecode.c.h; path = HTDClassificationResult.h; sourceTree = "<group>"; };
		251D08DA25DE682300006741 /* HTDClassificationResult.m */ = {isa = PBXFileReference; lastKnownFileType = sourcecode.c.objc; path = HTDClassificationResult.m; sourceTree = "<group>"; };
		251D08DE25DE69AA00006741 /* HTDClassificationType.h */ = {isa = PBXFileReference; lastKnownFileType = sourcecode.c.h; path = HTDClassificationType.h; sourceTree = "<group>"; };
		2531633F260F796A00D4ED00 /* 16kHz_sound.mp3 */ = {isa = PBXFileReference; lastKnownFileType = audio.mp3; path = 16kHz_sound.mp3; sourceTree = "<group>"; };
		2531634226107C7E00D4ED00 /* HTDSquareDetection.h */ = {isa = PBXFileReference; lastKnownFileType = sourcecode.c.h; path = HTDSquareDetection.h; sourceTree = "<group>"; };
		2531634326107C7E00D4ED00 /* HTDSquareDetection.mm */ = {isa = PBXFileReference; lastKnownFileType = sourcecode.cpp.objcpp; path = HTDSquareDetection.mm; sourceTree = "<group>"; };
		2531634726108B9B00D4ED00 /* opencv2.framework */ = {isa = PBXFileReference; lastKnownFileType = wrapper.framework; path = opencv2.framework; sourceTree = "<group>"; };
		2571A278256E61CE006A2F29 /* TremorDetection.app */ = {isa = PBXFileReference; explicitFileType = wrapper.application; includeInIndex = 0; path = TremorDetection.app; sourceTree = BUILT_PRODUCTS_DIR; };
		2571A27B256E61CE006A2F29 /* AppDelegate.swift */ = {isa = PBXFileReference; lastKnownFileType = sourcecode.swift; path = AppDelegate.swift; sourceTree = "<group>"; };
		2571A282256E61CE006A2F29 /* Base */ = {isa = PBXFileReference; lastKnownFileType = file.storyboard; name = Base; path = Base.lproj/Main.storyboard; sourceTree = "<group>"; };
		2571A284256E61D3006A2F29 /* Assets.xcassets */ = {isa = PBXFileReference; lastKnownFileType = folder.assetcatalog; path = Assets.xcassets; sourceTree = "<group>"; };
		2571A287256E61D3006A2F29 /* Base */ = {isa = PBXFileReference; lastKnownFileType = file.storyboard; name = Base; path = Base.lproj/LaunchScreen.storyboard; sourceTree = "<group>"; };
		2571A289256E61D3006A2F29 /* Info.plist */ = {isa = PBXFileReference; lastKnownFileType = text.plist.xml; path = Info.plist; sourceTree = "<group>"; };
		25818784256E64A100B18951 /* TremorDetection-Bridging-Header.h */ = {isa = PBXFileReference; lastKnownFileType = sourcecode.c.h; path = "TremorDetection-Bridging-Header.h"; sourceTree = "<group>"; };
		25818789256E652E00B18951 /* SettingsViewController.swift */ = {isa = PBXFileReference; lastKnownFileType = sourcecode.swift; path = SettingsViewController.swift; sourceTree = "<group>"; };
		2581878D256E654100B18951 /* MeasurementViewController.swift */ = {isa = PBXFileReference; lastKnownFileType = sourcecode.swift; path = MeasurementViewController.swift; sourceTree = "<group>"; };
		258187A6256E68F500B18951 /* HTDTremorDetectionSDK.h */ = {isa = PBXFileReference; lastKnownFileType = sourcecode.c.h; path = HTDTremorDetectionSDK.h; sourceTree = "<group>"; };
		258187A7256E68F500B18951 /* HTDTremorDetectionSDK.mm */ = {isa = PBXFileReference; lastKnownFileType = sourcecode.cpp.objcpp; path = HTDTremorDetectionSDK.mm; sourceTree = "<group>"; };
		258187AA256E69F400B18951 /* MeasurementService.swift */ = {isa = PBXFileReference; lastKnownFileType = sourcecode.swift; path = MeasurementService.swift; sourceTree = "<group>"; };
		258187AF256E6C5500B18951 /* StoryboardService.swift */ = {isa = PBXFileReference; lastKnownFileType = sourcecode.swift; path = StoryboardService.swift; sourceTree = "<group>"; };
		2589F3B0257943C400E93649 /* HTDTremorResult.h */ = {isa = PBXFileReference; lastKnownFileType = sourcecode.c.h; path = HTDTremorResult.h; sourceTree = "<group>"; };
		2589F3D1257B6D9D00E93649 /* HTDTremorStatus.h */ = {isa = PBXFileReference; lastKnownFileType = sourcecode.c.h; path = HTDTremorStatus.h; sourceTree = "<group>"; };
		2589F3D2257B6DDB00E93649 /* HTDTremorWarning.h */ = {isa = PBXFileReference; lastKnownFileType = sourcecode.c.h; path = HTDTremorWarning.h; sourceTree = "<group>"; };
		2589F3D4257B6EE100E93649 /* Constants.swift */ = {isa = PBXFileReference; lastKnownFileType = sourcecode.swift; path = Constants.swift; sourceTree = "<group>"; };
		2589F3D7257B731700E93649 /* HTDTremorDetectionSDKError.h */ = {isa = PBXFileReference; lastKnownFileType = sourcecode.c.h; path = HTDTremorDetectionSDKError.h; sourceTree = "<group>"; };
		2589F3DA257B73FF00E93649 /* UIViewControllerExtensions.swift */ = {isa = PBXFileReference; fileEncoding = 4; lastKnownFileType = sourcecode.swift; path = UIViewControllerExtensions.swift; sourceTree = "<group>"; };
		2589F3DB257B73FF00E93649 /* DoubleExtensions.swift */ = {isa = PBXFileReference; fileEncoding = 4; lastKnownFileType = sourcecode.swift; path = DoubleExtensions.swift; sourceTree = "<group>"; };
		2589F3DC257B73FF00E93649 /* DateExtensions.swift */ = {isa = PBXFileReference; fileEncoding = 4; lastKnownFileType = sourcecode.swift; path = DateExtensions.swift; sourceTree = "<group>"; };
		2589F3DD257B73FF00E93649 /* UIDevice.swift */ = {isa = PBXFileReference; fileEncoding = 4; lastKnownFileType = sourcecode.swift; path = UIDevice.swift; sourceTree = "<group>"; };
		2589F3E5257B7D6100E93649 /* CompletedViewController.swift */ = {isa = PBXFileReference; lastKnownFileType = sourcecode.swift; path = CompletedViewController.swift; sourceTree = "<group>"; };
		2589F3E8257B845300E93649 /* HTDOffsetGraph.h */ = {isa = PBXFileReference; lastKnownFileType = sourcecode.c.h; path = HTDOffsetGraph.h; sourceTree = "<group>"; };
		2589F3E9257B845300E93649 /* HTDOffsetGraph.m */ = {isa = PBXFileReference; lastKnownFileType = sourcecode.c.objc; path = HTDOffsetGraph.m; sourceTree = "<group>"; };
		259BA726256FFC9100DC747B /* HTDTremorDetectionDelegate.h */ = {isa = PBXFileReference; lastKnownFileType = sourcecode.c.h; path = HTDTremorDetectionDelegate.h; sourceTree = "<group>"; };
		25A9A840262346C50009A483 /* HTDCameraData.h */ = {isa = PBXFileReference; lastKnownFileType = sourcecode.c.h; path = HTDCameraData.h; sourceTree = "<group>"; };
		25A9A841262346C50009A483 /* HTDCameraData.m */ = {isa = PBXFileReference; lastKnownFileType = sourcecode.c.objc; path = HTDCameraData.m; sourceTree = "<group>"; };
		25E9242425E276F2004B1838 /* classify_accelerometer_types.h */ = {isa = PBXFileReference; fileEncoding = 4; lastKnownFileType = sourcecode.c.h; path = classify_accelerometer_types.h; sourceTree = "<group>"; };
		25E9242525E276F2004B1838 /* classify_accelerometer_initialize.h */ = {isa = PBXFileReference; fileEncoding = 4; lastKnownFileType = sourcecode.c.h; path = classify_accelerometer_initialize.h; sourceTree = "<group>"; };
		25E9242625E276F2004B1838 /* classify_accelerometer_initialize.cpp */ = {isa = PBXFileReference; fileEncoding = 4; lastKnownFileType = sourcecode.cpp.cpp; path = classify_accelerometer_initialize.cpp; sourceTree = "<group>"; };
		25E9242725E276F2004B1838 /* classify_accelerometer_data.h */ = {isa = PBXFileReference; fileEncoding = 4; lastKnownFileType = sourcecode.c.h; path = classify_accelerometer_data.h; sourceTree = "<group>"; };
		25E9242825E276F2004B1838 /* classify_accelerometer.h */ = {isa = PBXFileReference; fileEncoding = 4; lastKnownFileType = sourcecode.c.h; path = classify_accelerometer.h; sourceTree = "<group>"; };
		25E9242925E276F2004B1838 /* classify_accelerometer_terminate.h */ = {isa = PBXFileReference; fileEncoding = 4; lastKnownFileType = sourcecode.c.h; path = classify_accelerometer_terminate.h; sourceTree = "<group>"; };
		25E9242A25E276F2004B1838 /* classify_accelerometer_terminate.cpp */ = {isa = PBXFileReference; fileEncoding = 4; lastKnownFileType = sourcecode.cpp.cpp; path = classify_accelerometer_terminate.cpp; sourceTree = "<group>"; };
		25E9242B25E276F2004B1838 /* classify_accelerometer_data.cpp */ = {isa = PBXFileReference; fileEncoding = 4; lastKnownFileType = sourcecode.cpp.cpp; path = classify_accelerometer_data.cpp; sourceTree = "<group>"; };
		25E9242C25E276F2004B1838 /* classify_accelerometer.cpp */ = {isa = PBXFileReference; fileEncoding = 4; lastKnownFileType = sourcecode.cpp.cpp; path = classify_accelerometer.cpp; sourceTree = "<group>"; };
		25E9243325E29021004B1838 /* 440hz_sound.mp3 */ = {isa = PBXFileReference; lastKnownFileType = audio.mp3; path = 440hz_sound.mp3; sourceTree = "<group>"; };
		25E9243625E29079004B1838 /* HTDAudioPlayer.h */ = {isa = PBXFileReference; lastKnownFileType = sourcecode.c.h; path = HTDAudioPlayer.h; sourceTree = "<group>"; };
		25E9243725E29079004B1838 /* HTDAudioPlayer.m */ = {isa = PBXFileReference; lastKnownFileType = sourcecode.c.objc; path = HTDAudioPlayer.m; sourceTree = "<group>"; };
		25F4376625E982B500269820 /* HTDCamera.h */ = {isa = PBXFileReference; lastKnownFileType = sourcecode.c.h; path = HTDCamera.h; sourceTree = "<group>"; };
		25F4376725E982B500269820 /* HTDCamera.m */ = {isa = PBXFileReference; lastKnownFileType = sourcecode.c.objc; path = HTDCamera.m; sourceTree = "<group>"; };
		25F4376A25E9856500269820 /* HTDVideoRecording.h */ = {isa = PBXFileReference; lastKnownFileType = sourcecode.c.h; path = HTDVideoRecording.h; sourceTree = "<group>"; };
		25F4376B25E9856500269820 /* HTDVideoRecording.m */ = {isa = PBXFileReference; lastKnownFileType = sourcecode.c.objc; path = HTDVideoRecording.m; sourceTree = "<group>"; };
		25F6551B25EA4D0600991177 /* HTDDataType.h */ = {isa = PBXFileReference; lastKnownFileType = sourcecode.c.h; path = HTDDataType.h; sourceTree = "<group>"; };
		25F94074258678170016079E /* GoogleService-Info.plist */ = {isa = PBXFileReference; fileEncoding = 4; lastKnownFileType = text.plist.xml; path = "GoogleService-Info.plist"; sourceTree = "<group>"; };
		25F940772586785C0016079E /* FirebaseService.swift */ = {isa = PBXFileReference; lastKnownFileType = sourcecode.swift; path = FirebaseService.swift; sourceTree = "<group>"; };
		25F9407B258692AA0016079E /* HTDTremorDetectionSDKMode.h */ = {isa = PBXFileReference; lastKnownFileType = sourcecode.c.h; path = HTDTremorDetectionSDKMode.h; sourceTree = "<group>"; };
		736164C1AF7D817606BC6371 /* Pods-TremorDetection.debug.xcconfig */ = {isa = PBXFileReference; includeInIndex = 1; lastKnownFileType = text.xcconfig; name = "Pods-TremorDetection.debug.xcconfig"; path = "Target Support Files/Pods-TremorDetection/Pods-TremorDetection.debug.xcconfig"; sourceTree = "<group>"; };
		8892A411E17E9629C57E5697 /* Pods-TremorDetection.release.xcconfig */ = {isa = PBXFileReference; includeInIndex = 1; lastKnownFileType = text.xcconfig; name = "Pods-TremorDetection.release.xcconfig"; path = "Target Support Files/Pods-TremorDetection/Pods-TremorDetection.release.xcconfig"; sourceTree = "<group>"; };
		E7DBC2C0542C9DF6757238AE /* Pods_TremorDetection.framework */ = {isa = PBXFileReference; explicitFileType = wrapper.framework; includeInIndex = 0; path = Pods_TremorDetection.framework; sourceTree = BUILT_PRODUCTS_DIR; };
/* End PBXFileReference section */

/* Begin PBXFrameworksBuildPhase section */
		2571A275256E61CE006A2F29 /* Frameworks */ = {
			isa = PBXFrameworksBuildPhase;
			buildActionMask = 2147483647;
			files = (
				2531634826108B9B00D4ED00 /* opencv2.framework in Frameworks */,
			);
			runOnlyForDeploymentPostprocessing = 0;
		};
/* End PBXFrameworksBuildPhase section */

/* Begin PBXGroup section */
		251D086025DE67E600006741 /* features */ = {
			isa = PBXGroup;
			children = (
				251D086E25DE67E600006741 /* extract_features_from_raw_data_data.cpp */,
				251D086225DE67E600006741 /* extract_features_from_raw_data_data.h */,
				251D086325DE67E600006741 /* extract_features_from_raw_data_initialize.cpp */,
				251D086825DE67E600006741 /* extract_features_from_raw_data_initialize.h */,
				251D086525DE67E600006741 /* extract_features_from_raw_data_internal_types.h */,
				251D086625DE67E600006741 /* extract_features_from_raw_data_rtwutil.cpp */,
				251D086B25DE67E600006741 /* extract_features_from_raw_data_rtwutil.h */,
				251D086D25DE67E600006741 /* extract_features_from_raw_data_terminate.cpp */,
				251D087025DE67E600006741 /* extract_features_from_raw_data_terminate.h */,
				251D086425DE67E600006741 /* extract_features_from_raw_data_types.h */,
				251D086725DE67E600006741 /* extract_features_from_raw_data.cpp */,
				251D086A25DE67E600006741 /* extract_features_from_raw_data.h */,
				251D086125DE67E600006741 /* get_features.cpp */,
				251D086925DE67E600006741 /* get_features.h */,
				251D086F25DE67E600006741 /* get_frequencies_spectrum.cpp */,
				251D086C25DE67E600006741 /* get_frequencies_spectrum.h */,
			);
			path = features;
			sourceTree = "<group>";
		};
		251D087A25DE67E600006741 /* mtlb */ = {
			isa = PBXGroup;
			children = (
				251D088B25DE67E600006741 /* coder_array.h */,
				251D08A225DE67E600006741 /* CompactClassificationSVM.cpp */,
				251D08A925DE67E600006741 /* CompactClassificationSVM.h */,
				251D088025DE67E600006741 /* computepsd.cpp */,
				251D088825DE67E600006741 /* computepsd.h */,
				251D08A725DE67E600006741 /* diff.cpp */,
				251D089825DE67E600006741 /* diff.h */,
				251D089425DE67E600006741 /* ecdf.cpp */,
				251D089E25DE67E600006741 /* ecdf.h */,
				251D088625DE67E600006741 /* FFTImplementationCallback.cpp */,
				251D088425DE67E600006741 /* FFTImplementationCallback.h */,
				251D088125DE67E600006741 /* iqr.cpp */,
				251D088325DE67E600006741 /* iqr.h */,
				251D087E25DE67E600006741 /* Linear.cpp */,
				251D088A25DE67E600006741 /* Linear.h */,
				251D089525DE67E600006741 /* median.cpp */,
				251D089B25DE67E600006741 /* median.h */,
				251D089D25DE67E600006741 /* minOrMax.cpp */,
				251D088225DE67E600006741 /* minOrMax.h */,
				251D087F25DE67E600006741 /* nan_sum_or_mean.cpp */,
				251D088E25DE67E600006741 /* nan_sum_or_mean.h */,
				251D08A525DE67E600006741 /* nanmean.cpp */,
				251D088525DE67E600006741 /* nanmean.h */,
				251D08A125DE67E600006741 /* nullAssignment.cpp */,
				251D089F25DE67E600006741 /* nullAssignment.h */,
				251D088725DE67E600006741 /* psdfreqvec.cpp */,
				251D088F25DE67E600006741 /* psdfreqvec.h */,
				251D089325DE67E600006741 /* quickselect.cpp */,
				251D089125DE67E600006741 /* quickselect.h */,
				251D089725DE67E600006741 /* rt_nonfinite.cpp */,
				251D089225DE67E600006741 /* rt_nonfinite.h */,
				251D088C25DE67E600006741 /* rtGetInf.cpp */,
				251D089A25DE67E600006741 /* rtGetInf.h */,
				251D087B25DE67E600006741 /* rtGetNaN.cpp */,
				251D088D25DE67E600006741 /* rtGetNaN.h */,
				251D08A625DE67E600006741 /* rtwtypes.h */,
				251D089025DE67E600006741 /* sort.cpp */,
				251D08A325DE67E600006741 /* sort.h */,
				251D087C25DE67E600006741 /* sortIdx.cpp */,
				251D089C25DE67E600006741 /* sortIdx.h */,
				251D08A425DE67E600006741 /* std.cpp */,
				251D08A825DE67E600006741 /* std.h */,
				251D08A025DE67E600006741 /* trapz.cpp */,
				251D089925DE67E600006741 /* trapz.h */,
				251D089625DE67E600006741 /* welchparse.cpp */,
				251D087D25DE67E600006741 /* welchparse.h */,
			);
			path = mtlb;
			sourceTree = "<group>";
		};
		2571A26F256E61CE006A2F29 = {
			isa = PBXGroup;
			children = (
				2571A27A256E61CE006A2F29 /* TremorDetection */,
				2571A279256E61CE006A2F29 /* Products */,
				BBBD67DEC8C2B5BB8D0DC254 /* Pods */,
				70C2D4AD6DAD8866086EE70E /* Frameworks */,
			);
			sourceTree = "<group>";
		};
		2571A279256E61CE006A2F29 /* Products */ = {
			isa = PBXGroup;
			children = (
				2571A278256E61CE006A2F29 /* TremorDetection.app */,
			);
			name = Products;
			sourceTree = "<group>";
		};
		2571A27A256E61CE006A2F29 /* TremorDetection */ = {
			isa = PBXGroup;
			children = (
				2571A27B256E61CE006A2F29 /* AppDelegate.swift */,
				25818789256E652E00B18951 /* SettingsViewController.swift */,
				2581878D256E654100B18951 /* MeasurementViewController.swift */,
				2589F3E5257B7D6100E93649 /* CompletedViewController.swift */,
				2571A281256E61CE006A2F29 /* Main.storyboard */,
				2571A286256E61D3006A2F29 /* LaunchScreen.storyboard */,
				2518696A2619F69D00FB67B2 /* Configs.swift */,
				2589F3D8257B73BD00E93649 /* Extensions */,
				258187AE256E6C4300B18951 /* Services */,
				258187A5256E68AA00B18951 /* SDK */,
				25818785256E64A900B18951 /* Supporting Files */,
			);
			path = TremorDetection;
			sourceTree = "<group>";
		};
		25818785256E64A900B18951 /* Supporting Files */ = {
			isa = PBXGroup;
			children = (
				2531634726108B9B00D4ED00 /* opencv2.framework */,
				2571A284256E61D3006A2F29 /* Assets.xcassets */,
				2571A289256E61D3006A2F29 /* Info.plist */,
				25F94074258678170016079E /* GoogleService-Info.plist */,
				25818784256E64A100B18951 /* TremorDetection-Bridging-Header.h */,
				2589F3D4257B6EE100E93649 /* Constants.swift */,
				25E9243325E29021004B1838 /* 440hz_sound.mp3 */,
				2531633F260F796A00D4ED00 /* 16kHz_sound.mp3 */,
			);
			path = "Supporting Files";
			sourceTree = "<group>";
		};
		258187A5256E68AA00B18951 /* SDK */ = {
			isa = PBXGroup;
			children = (
				25E9242325E276F2004B1838 /* classify_accelerometer */,
				251D086025DE67E600006741 /* features */,
				251D087A25DE67E600006741 /* mtlb */,
				258187A6256E68F500B18951 /* HTDTremorDetectionSDK.h */,
				258187A7256E68F500B18951 /* HTDTremorDetectionSDK.mm */,
				259BA726256FFC9100DC747B /* HTDTremorDetectionDelegate.h */,
				25F9407B258692AA0016079E /* HTDTremorDetectionSDKMode.h */,
				2589F3D7257B731700E93649 /* HTDTremorDetectionSDKError.h */,
				2589F3B0257943C400E93649 /* HTDTremorResult.h */,
				2589F3D1257B6D9D00E93649 /* HTDTremorStatus.h */,
				2589F3D2257B6DDB00E93649 /* HTDTremorWarning.h */,
				2589F3E8257B845300E93649 /* HTDOffsetGraph.h */,
				2589F3E9257B845300E93649 /* HTDOffsetGraph.m */,
				251D08DE25DE69AA00006741 /* HTDClassificationType.h */,
				251D08D925DE682300006741 /* HTDClassificationResult.h */,
				251D08DA25DE682300006741 /* HTDClassificationResult.m */,
				25E9243625E29079004B1838 /* HTDAudioPlayer.h */,
				25E9243725E29079004B1838 /* HTDAudioPlayer.m */,
				25F4376625E982B500269820 /* HTDCamera.h */,
				25F4376725E982B500269820 /* HTDCamera.m */,
				25A9A840262346C50009A483 /* HTDCameraData.h */,
				25A9A841262346C50009A483 /* HTDCameraData.m */,
				25F4376A25E9856500269820 /* HTDVideoRecording.h */,
				25F4376B25E9856500269820 /* HTDVideoRecording.m */,
				25F6551B25EA4D0600991177 /* HTDDataType.h */,
				2531634226107C7E00D4ED00 /* HTDSquareDetection.h */,
				2531634326107C7E00D4ED00 /* HTDSquareDetection.mm */,
			);
			path = SDK;
			sourceTree = "<group>";
		};
		258187AE256E6C4300B18951 /* Services */ = {
			isa = PBXGroup;
			children = (
				258187AA256E69F400B18951 /* MeasurementService.swift */,
				258187AF256E6C5500B18951 /* StoryboardService.swift */,
				25F940772586785C0016079E /* FirebaseService.swift */,
			);
			path = Services;
			sourceTree = "<group>";
		};
		2589F3D8257B73BD00E93649 /* Extensions */ = {
			isa = PBXGroup;
			children = (
				2589F3DC257B73FF00E93649 /* DateExtensions.swift */,
				2589F3DB257B73FF00E93649 /* DoubleExtensions.swift */,
				2589F3DD257B73FF00E93649 /* UIDevice.swift */,
				2589F3DA257B73FF00E93649 /* UIViewControllerExtensions.swift */,
			);
			path = Extensions;
			sourceTree = "<group>";
		};
		25E9242325E276F2004B1838 /* classify_accelerometer */ = {
			isa = PBXGroup;
			children = (
				25E9242425E276F2004B1838 /* classify_accelerometer_types.h */,
				25E9242525E276F2004B1838 /* classify_accelerometer_initialize.h */,
				25E9242625E276F2004B1838 /* classify_accelerometer_initialize.cpp */,
				25E9242725E276F2004B1838 /* classify_accelerometer_data.h */,
				25E9242825E276F2004B1838 /* classify_accelerometer.h */,
				25E9242925E276F2004B1838 /* classify_accelerometer_terminate.h */,
				25E9242A25E276F2004B1838 /* classify_accelerometer_terminate.cpp */,
				25E9242B25E276F2004B1838 /* classify_accelerometer_data.cpp */,
				25E9242C25E276F2004B1838 /* classify_accelerometer.cpp */,
			);
			path = classify_accelerometer;
			sourceTree = "<group>";
		};
		70C2D4AD6DAD8866086EE70E /* Frameworks */ = {
			isa = PBXGroup;
			children = (
				E7DBC2C0542C9DF6757238AE /* Pods_TremorDetection.framework */,
			);
			name = Frameworks;
			sourceTree = "<group>";
		};
		BBBD67DEC8C2B5BB8D0DC254 /* Pods */ = {
			isa = PBXGroup;
			children = (
				736164C1AF7D817606BC6371 /* Pods-TremorDetection.debug.xcconfig */,
				8892A411E17E9629C57E5697 /* Pods-TremorDetection.release.xcconfig */,
			);
			path = Pods;
			sourceTree = "<group>";
		};
/* End PBXGroup section */

/* Begin PBXNativeTarget section */
		2571A277256E61CE006A2F29 /* TremorDetection */ = {
			isa = PBXNativeTarget;
			buildConfigurationList = 2571A28C256E61D3006A2F29 /* Build configuration list for PBXNativeTarget "TremorDetection" */;
			buildPhases = (
				DA9D885550198908B6159E14 /* [CP] Check Pods Manifest.lock */,
				2571A274256E61CE006A2F29 /* Sources */,
				2571A275256E61CE006A2F29 /* Frameworks */,
				2571A276256E61CE006A2F29 /* Resources */,
				F7D9A0B6022F175F5688E787 /* [CP] Embed Pods Frameworks */,
			);
			buildRules = (
			);
			dependencies = (
			);
			name = TremorDetection;
			productName = TremorDetection;
			productReference = 2571A278256E61CE006A2F29 /* TremorDetection.app */;
			productType = "com.apple.product-type.application";
		};
/* End PBXNativeTarget section */

/* Begin PBXProject section */
		2571A270256E61CE006A2F29 /* Project object */ = {
			isa = PBXProject;
			attributes = {
				LastSwiftUpdateCheck = 1210;
				LastUpgradeCheck = 1210;
				TargetAttributes = {
					2571A277256E61CE006A2F29 = {
						CreatedOnToolsVersion = 12.1;
					};
				};
			};
			buildConfigurationList = 2571A273256E61CE006A2F29 /* Build configuration list for PBXProject "TremorDetection" */;
			compatibilityVersion = "Xcode 9.3";
			developmentRegion = en;
			hasScannedForEncodings = 0;
			knownRegions = (
				en,
				Base,
			);
			mainGroup = 2571A26F256E61CE006A2F29;
			productRefGroup = 2571A279256E61CE006A2F29 /* Products */;
			projectDirPath = "";
			projectRoot = "";
			targets = (
				2571A277256E61CE006A2F29 /* TremorDetection */,
			);
		};
/* End PBXProject section */

/* Begin PBXResourcesBuildPhase section */
		2571A276256E61CE006A2F29 /* Resources */ = {
			isa = PBXResourcesBuildPhase;
			buildActionMask = 2147483647;
			files = (
				2571A288256E61D3006A2F29 /* LaunchScreen.storyboard in Resources */,
				25316340260F796A00D4ED00 /* 16kHz_sound.mp3 in Resources */,
				25E9243425E29021004B1838 /* 440hz_sound.mp3 in Resources */,
				25F94075258678170016079E /* GoogleService-Info.plist in Resources */,
				2571A285256E61D3006A2F29 /* Assets.xcassets in Resources */,
				2571A283256E61CE006A2F29 /* Main.storyboard in Resources */,
			);
			runOnlyForDeploymentPostprocessing = 0;
		};
/* End PBXResourcesBuildPhase section */

/* Begin PBXShellScriptBuildPhase section */
		DA9D885550198908B6159E14 /* [CP] Check Pods Manifest.lock */ = {
			isa = PBXShellScriptBuildPhase;
			buildActionMask = 2147483647;
			files = (
			);
			inputFileListPaths = (
			);
			inputPaths = (
				"${PODS_PODFILE_DIR_PATH}/Podfile.lock",
				"${PODS_ROOT}/Manifest.lock",
			);
			name = "[CP] Check Pods Manifest.lock";
			outputFileListPaths = (
			);
			outputPaths = (
				"$(DERIVED_FILE_DIR)/Pods-TremorDetection-checkManifestLockResult.txt",
			);
			runOnlyForDeploymentPostprocessing = 0;
			shellPath = /bin/sh;
			shellScript = "diff \"${PODS_PODFILE_DIR_PATH}/Podfile.lock\" \"${PODS_ROOT}/Manifest.lock\" > /dev/null\nif [ $? != 0 ] ; then\n    # print error to STDERR\n    echo \"error: The sandbox is not in sync with the Podfile.lock. Run 'pod install' or update your CocoaPods installation.\" >&2\n    exit 1\nfi\n# This output is used by Xcode 'outputs' to avoid re-running this script phase.\necho \"SUCCESS\" > \"${SCRIPT_OUTPUT_FILE_0}\"\n";
			showEnvVarsInLog = 0;
		};
		F7D9A0B6022F175F5688E787 /* [CP] Embed Pods Frameworks */ = {
			isa = PBXShellScriptBuildPhase;
			buildActionMask = 2147483647;
			files = (
			);
			inputFileListPaths = (
				"${PODS_ROOT}/Target Support Files/Pods-TremorDetection/Pods-TremorDetection-frameworks-${CONFIGURATION}-input-files.xcfilelist",
			);
			name = "[CP] Embed Pods Frameworks";
			outputFileListPaths = (
				"${PODS_ROOT}/Target Support Files/Pods-TremorDetection/Pods-TremorDetection-frameworks-${CONFIGURATION}-output-files.xcfilelist",
			);
			runOnlyForDeploymentPostprocessing = 0;
			shellPath = /bin/sh;
			shellScript = "\"${PODS_ROOT}/Target Support Files/Pods-TremorDetection/Pods-TremorDetection-frameworks.sh\"\n";
			showEnvVarsInLog = 0;
		};
/* End PBXShellScriptBuildPhase section */

/* Begin PBXSourcesBuildPhase section */
		2571A274256E61CE006A2F29 /* Sources */ = {
			isa = PBXSourcesBuildPhase;
			buildActionMask = 2147483647;
			files = (
				2589F3E6257B7D6100E93649 /* CompletedViewController.swift in Sources */,
				25F4376825E982B500269820 /* HTDCamera.m in Sources */,
				251D08C425DE67E600006741 /* FFTImplementationCallback.cpp in Sources */,
				2571A27C256E61CE006A2F29 /* AppDelegate.swift in Sources */,
				25E9243025E276F3004B1838 /* classify_accelerometer.cpp in Sources */,
				25F4376C25E9856500269820 /* HTDVideoRecording.m in Sources */,
				2589F3E0257B73FF00E93649 /* DoubleExtensions.swift in Sources */,
				2531634426107C7E00D4ED00 /* HTDSquareDetection.mm in Sources */,
				258187A8256E68F500B18951 /* HTDTremorDetectionSDK.mm in Sources */,
				25F940782586785C0016079E /* FirebaseService.swift in Sources */,
				251D08B625DE67E600006741 /* extract_features_from_raw_data.cpp in Sources */,
				258187B0256E6C5500B18951 /* StoryboardService.swift in Sources */,
				251D08D325DE67E600006741 /* diff.cpp in Sources */,
				251D08B825DE67E600006741 /* extract_features_from_raw_data_data.cpp in Sources */,
				251D08CB25DE67E600006741 /* welchparse.cpp in Sources */,
				251D08C125DE67E600006741 /* nan_sum_or_mean.cpp in Sources */,
				251D08B925DE67E600006741 /* get_frequencies_spectrum.cpp in Sources */,
				251D08D025DE67E600006741 /* CompactClassificationSVM.cpp in Sources */,
				2589F3EA257B845300E93649 /* HTDOffsetGraph.m in Sources */,
				251D08CD25DE67E600006741 /* minOrMax.cpp in Sources */,
				2589F3E1257B73FF00E93649 /* DateExtensions.swift in Sources */,
				251D08CA25DE67E600006741 /* median.cpp in Sources */,
				2589F3DF257B73FF00E93649 /* UIViewControllerExtensions.swift in Sources */,
				251D08B325DE67E600006741 /* get_features.cpp in Sources */,
				251D08CF25DE67E600006741 /* nullAssignment.cpp in Sources */,
				251D08C625DE67E600006741 /* rtGetInf.cpp in Sources */,
				25E9243825E29079004B1838 /* HTDAudioPlayer.m in Sources */,
				2589F3E2257B73FF00E93649 /* UIDevice.swift in Sources */,
				251D08B525DE67E600006741 /* extract_features_from_raw_data_rtwutil.cpp in Sources */,
				251D08B725DE67E600006741 /* extract_features_from_raw_data_terminate.cpp in Sources */,
				251D08CC25DE67E600006741 /* rt_nonfinite.cpp in Sources */,
				251D08C325DE67E600006741 /* iqr.cpp in Sources */,
				251D08C725DE67E600006741 /* sort.cpp in Sources */,
				25A9A842262346C50009A483 /* HTDCameraData.m in Sources */,
				2518696B2619F69D00FB67B2 /* Configs.swift in Sources */,
				2581878A256E652E00B18951 /* SettingsViewController.swift in Sources */,
				25E9242E25E276F3004B1838 /* classify_accelerometer_terminate.cpp in Sources */,
				25E9242F25E276F3004B1838 /* classify_accelerometer_data.cpp in Sources */,
				2589F3D5257B6EE100E93649 /* Constants.swift in Sources */,
				251D08B425DE67E600006741 /* extract_features_from_raw_data_initialize.cpp in Sources */,
				251D08D125DE67E600006741 /* std.cpp in Sources */,
				251D08D225DE67E600006741 /* nanmean.cpp in Sources */,
				251D08C025DE67E600006741 /* Linear.cpp in Sources */,
				251D08BF25DE67E600006741 /* sortIdx.cpp in Sources */,
				251D08C825DE67E600006741 /* quickselect.cpp in Sources */,
				251D08DB25DE682300006741 /* HTDClassificationResult.m in Sources */,
				2581878E256E654100B18951 /* MeasurementViewController.swift in Sources */,
				251D08CE25DE67E600006741 /* trapz.cpp in Sources */,
				251D08C225DE67E600006741 /* computepsd.cpp in Sources */,
				25E9242D25E276F3004B1838 /* classify_accelerometer_initialize.cpp in Sources */,
				251D08C525DE67E600006741 /* psdfreqvec.cpp in Sources */,
				251D08BE25DE67E600006741 /* rtGetNaN.cpp in Sources */,
				258187AB256E69F400B18951 /* MeasurementService.swift in Sources */,
				251D08C925DE67E600006741 /* ecdf.cpp in Sources */,
			);
			runOnlyForDeploymentPostprocessing = 0;
		};
/* End PBXSourcesBuildPhase section */

/* Begin PBXVariantGroup section */
		2571A281256E61CE006A2F29 /* Main.storyboard */ = {
			isa = PBXVariantGroup;
			children = (
				2571A282256E61CE006A2F29 /* Base */,
			);
			name = Main.storyboard;
			sourceTree = "<group>";
		};
		2571A286256E61D3006A2F29 /* LaunchScreen.storyboard */ = {
			isa = PBXVariantGroup;
			children = (
				2571A287256E61D3006A2F29 /* Base */,
			);
			name = LaunchScreen.storyboard;
			sourceTree = "<group>";
		};
/* End PBXVariantGroup section */

/* Begin XCBuildConfiguration section */
		2571A28A256E61D3006A2F29 /* Debug */ = {
			isa = XCBuildConfiguration;
			buildSettings = {
				ALWAYS_SEARCH_USER_PATHS = NO;
				CLANG_ANALYZER_NONNULL = YES;
				CLANG_ANALYZER_NUMBER_OBJECT_CONVERSION = YES_AGGRESSIVE;
				CLANG_CXX_LANGUAGE_STANDARD = "gnu++14";
				CLANG_CXX_LIBRARY = "libc++";
				CLANG_ENABLE_MODULES = YES;
				CLANG_ENABLE_OBJC_ARC = YES;
				CLANG_ENABLE_OBJC_WEAK = YES;
				CLANG_WARN_BLOCK_CAPTURE_AUTORELEASING = YES;
				CLANG_WARN_BOOL_CONVERSION = YES;
				CLANG_WARN_COMMA = YES;
				CLANG_WARN_CONSTANT_CONVERSION = YES;
				CLANG_WARN_DEPRECATED_OBJC_IMPLEMENTATIONS = YES;
				CLANG_WARN_DIRECT_OBJC_ISA_USAGE = YES_ERROR;
				CLANG_WARN_DOCUMENTATION_COMMENTS = YES;
				CLANG_WARN_EMPTY_BODY = YES;
				CLANG_WARN_ENUM_CONVERSION = YES;
				CLANG_WARN_INFINITE_RECURSION = YES;
				CLANG_WARN_INT_CONVERSION = YES;
				CLANG_WARN_NON_LITERAL_NULL_CONVERSION = YES;
				CLANG_WARN_OBJC_IMPLICIT_RETAIN_SELF = YES;
				CLANG_WARN_OBJC_LITERAL_CONVERSION = YES;
				CLANG_WARN_OBJC_ROOT_CLASS = YES_ERROR;
				CLANG_WARN_QUOTED_INCLUDE_IN_FRAMEWORK_HEADER = YES;
				CLANG_WARN_RANGE_LOOP_ANALYSIS = YES;
				CLANG_WARN_STRICT_PROTOTYPES = YES;
				CLANG_WARN_SUSPICIOUS_MOVE = YES;
				CLANG_WARN_UNGUARDED_AVAILABILITY = YES_AGGRESSIVE;
				CLANG_WARN_UNREACHABLE_CODE = YES;
				CLANG_WARN__DUPLICATE_METHOD_MATCH = YES;
				COPY_PHASE_STRIP = NO;
				DEBUG_INFORMATION_FORMAT = dwarf;
				ENABLE_STRICT_OBJC_MSGSEND = YES;
				ENABLE_TESTABILITY = YES;
				GCC_C_LANGUAGE_STANDARD = gnu11;
				GCC_DYNAMIC_NO_PIC = NO;
				GCC_NO_COMMON_BLOCKS = YES;
				GCC_OPTIMIZATION_LEVEL = 0;
				GCC_PREPROCESSOR_DEFINITIONS = (
					"DEBUG=1",
					"$(inherited)",
				);
				GCC_WARN_64_TO_32_BIT_CONVERSION = YES;
				GCC_WARN_ABOUT_RETURN_TYPE = YES_ERROR;
				GCC_WARN_UNDECLARED_SELECTOR = YES;
				GCC_WARN_UNINITIALIZED_AUTOS = YES_AGGRESSIVE;
				GCC_WARN_UNUSED_FUNCTION = YES;
				GCC_WARN_UNUSED_VARIABLE = YES;
				IPHONEOS_DEPLOYMENT_TARGET = 14.1;
				MTL_ENABLE_DEBUG_INFO = INCLUDE_SOURCE;
				MTL_FAST_MATH = YES;
				ONLY_ACTIVE_ARCH = YES;
				SDKROOT = iphoneos;
				SWIFT_ACTIVE_COMPILATION_CONDITIONS = DEBUG;
				SWIFT_OPTIMIZATION_LEVEL = "-Onone";
			};
			name = Debug;
		};
		2571A28B256E61D3006A2F29 /* Release */ = {
			isa = XCBuildConfiguration;
			buildSettings = {
				ALWAYS_SEARCH_USER_PATHS = NO;
				CLANG_ANALYZER_NONNULL = YES;
				CLANG_ANALYZER_NUMBER_OBJECT_CONVERSION = YES_AGGRESSIVE;
				CLANG_CXX_LANGUAGE_STANDARD = "gnu++14";
				CLANG_CXX_LIBRARY = "libc++";
				CLANG_ENABLE_MODULES = YES;
				CLANG_ENABLE_OBJC_ARC = YES;
				CLANG_ENABLE_OBJC_WEAK = YES;
				CLANG_WARN_BLOCK_CAPTURE_AUTORELEASING = YES;
				CLANG_WARN_BOOL_CONVERSION = YES;
				CLANG_WARN_COMMA = YES;
				CLANG_WARN_CONSTANT_CONVERSION = YES;
				CLANG_WARN_DEPRECATED_OBJC_IMPLEMENTATIONS = YES;
				CLANG_WARN_DIRECT_OBJC_ISA_USAGE = YES_ERROR;
				CLANG_WARN_DOCUMENTATION_COMMENTS = YES;
				CLANG_WARN_EMPTY_BODY = YES;
				CLANG_WARN_ENUM_CONVERSION = YES;
				CLANG_WARN_INFINITE_RECURSION = YES;
				CLANG_WARN_INT_CONVERSION = YES;
				CLANG_WARN_NON_LITERAL_NULL_CONVERSION = YES;
				CLANG_WARN_OBJC_IMPLICIT_RETAIN_SELF = YES;
				CLANG_WARN_OBJC_LITERAL_CONVERSION = YES;
				CLANG_WARN_OBJC_ROOT_CLASS = YES_ERROR;
				CLANG_WARN_QUOTED_INCLUDE_IN_FRAMEWORK_HEADER = YES;
				CLANG_WARN_RANGE_LOOP_ANALYSIS = YES;
				CLANG_WARN_STRICT_PROTOTYPES = YES;
				CLANG_WARN_SUSPICIOUS_MOVE = YES;
				CLANG_WARN_UNGUARDED_AVAILABILITY = YES_AGGRESSIVE;
				CLANG_WARN_UNREACHABLE_CODE = YES;
				CLANG_WARN__DUPLICATE_METHOD_MATCH = YES;
				COPY_PHASE_STRIP = NO;
				DEBUG_INFORMATION_FORMAT = "dwarf-with-dsym";
				ENABLE_NS_ASSERTIONS = NO;
				ENABLE_STRICT_OBJC_MSGSEND = YES;
				GCC_C_LANGUAGE_STANDARD = gnu11;
				GCC_NO_COMMON_BLOCKS = YES;
				GCC_WARN_64_TO_32_BIT_CONVERSION = YES;
				GCC_WARN_ABOUT_RETURN_TYPE = YES_ERROR;
				GCC_WARN_UNDECLARED_SELECTOR = YES;
				GCC_WARN_UNINITIALIZED_AUTOS = YES_AGGRESSIVE;
				GCC_WARN_UNUSED_FUNCTION = YES;
				GCC_WARN_UNUSED_VARIABLE = YES;
				IPHONEOS_DEPLOYMENT_TARGET = 14.1;
				MTL_ENABLE_DEBUG_INFO = NO;
				MTL_FAST_MATH = YES;
				SDKROOT = iphoneos;
				SWIFT_COMPILATION_MODE = wholemodule;
				SWIFT_OPTIMIZATION_LEVEL = "-O";
				VALIDATE_PRODUCT = YES;
			};
			name = Release;
		};
		2571A28D256E61D3006A2F29 /* Debug */ = {
			isa = XCBuildConfiguration;
			baseConfigurationReference = 736164C1AF7D817606BC6371 /* Pods-TremorDetection.debug.xcconfig */;
			buildSettings = {
				ASSETCATALOG_COMPILER_APPICON_NAME = AppIcon;
				ASSETCATALOG_COMPILER_GLOBAL_ACCENT_COLOR_NAME = AccentColor;
				CODE_SIGN_STYLE = Automatic;
				DEVELOPMENT_TEAM = GJYUL598A7;
				FRAMEWORK_SEARCH_PATHS = (
					"$(inherited)",
					"$(PROJECT_DIR)/TremorDetection/Supporting\\ Files",
				);
				INFOPLIST_FILE = "TremorDetection/Supporting Files/Info.plist";
				IPHONEOS_DEPLOYMENT_TARGET = 10.0;
				LD_RUNPATH_SEARCH_PATHS = (
					"$(inherited)",
					"@executable_path/Frameworks",
				);
				PRODUCT_BUNDLE_IDENTIFIER = com.happitech.TremorDetection;
				PRODUCT_NAME = "$(TARGET_NAME)";
				SWIFT_OBJC_BRIDGING_HEADER = "$(SRCROOT)/$(PROJECT_NAME)/Supporting Files/TremorDetection-Bridging-Header.h";
				SWIFT_VERSION = 5.0;
				TARGETED_DEVICE_FAMILY = 1;
			};
			name = Debug;
		};
		2571A28E256E61D3006A2F29 /* Release */ = {
			isa = XCBuildConfiguration;
			baseConfigurationReference = 8892A411E17E9629C57E5697 /* Pods-TremorDetection.release.xcconfig */;
			buildSettings = {
				ASSETCATALOG_COMPILER_APPICON_NAME = AppIcon;
				ASSETCATALOG_COMPILER_GLOBAL_ACCENT_COLOR_NAME = AccentColor;
				CODE_SIGN_STYLE = Automatic;
				DEVELOPMENT_TEAM = GJYUL598A7;
				FRAMEWORK_SEARCH_PATHS = (
					"$(inherited)",
					"$(PROJECT_DIR)/TremorDetection/Supporting\\ Files",
				);
				INFOPLIST_FILE = "TremorDetection/Supporting Files/Info.plist";
				IPHONEOS_DEPLOYMENT_TARGET = 10.0;
				LD_RUNPATH_SEARCH_PATHS = (
					"$(inherited)",
					"@executable_path/Frameworks",
				);
				PRODUCT_BUNDLE_IDENTIFIER = com.happitech.TremorDetection;
				PRODUCT_NAME = "$(TARGET_NAME)";
				SWIFT_OBJC_BRIDGING_HEADER = "$(SRCROOT)/$(PROJECT_NAME)/Supporting Files/TremorDetection-Bridging-Header.h";
				SWIFT_VERSION = 5.0;
				TARGETED_DEVICE_FAMILY = 1;
			};
			name = Release;
		};
/* End XCBuildConfiguration section */

/* Begin XCConfigurationList section */
		2571A273256E61CE006A2F29 /* Build configuration list for PBXProject "TremorDetection" */ = {
			isa = XCConfigurationList;
			buildConfigurations = (
				2571A28A256E61D3006A2F29 /* Debug */,
				2571A28B256E61D3006A2F29 /* Release */,
			);
			defaultConfigurationIsVisible = 0;
			defaultConfigurationName = Release;
		};
		2571A28C256E61D3006A2F29 /* Build configuration list for PBXNativeTarget "TremorDetection" */ = {
			isa = XCConfigurationList;
			buildConfigurations = (
				2571A28D256E61D3006A2F29 /* Debug */,
				2571A28E256E61D3006A2F29 /* Release */,
			);
			defaultConfigurationIsVisible = 0;
			defaultConfigurationName = Release;
		};
/* End XCConfigurationList section */
	};
	rootObject = 2571A270256E61CE006A2F29 /* Project object */;
}
